
Microsoft Visual Studio Solution File, Format Version 12.00
# Visual Studio Version 16
VisualStudioVersion = 16.0.30804.86
MinimumVisualStudioVersion = 10.0.40219.1
Project("{FAE04EC0-301F-11D3-BF4B-00C04F79EFBC}") = "EOI Films", "EOI Films\EOI Films.csproj", "{F00B1542-EF57-4EBF-96B2-E318396292FD}"
EndProject
Global
	GlobalSection(SolutionConfigurationPlatforms) = preSolution
		Debug|Any CPU = Debug|Any CPU
		Release|Any CPU = Release|Any CPU
	EndGlobalSection
	GlobalSection(ProjectConfigurationPlatforms) = postSolution
		{F00B1542-EF57-4EBF-96B2-E318396292FD}.Debug|Any CPU.ActiveCfg = Debug|Any CPU
		{F00B1542-EF57-4EBF-96B2-E318396292FD}.Debug|Any CPU.Build.0 = Debug|Any CPU
		{F00B1542-EF57-4EBF-96B2-E318396292FD}.Release|Any CPU.ActiveCfg = Release|Any CPU
		{F00B1542-EF57-4EBF-96B2-E318396292FD}.Release|Any CPU.Build.0 = Release|Any CPU
	EndGlobalSection
	GlobalSection(SolutionProperties) = preSolution
		HideSolutionNode = FALSE
	EndGlobalSection
	GlobalSection(ExtensibilityGlobals) = postSolution
		SolutionGuid = {F92D290B-72D2-472F-90BC-608CC189E394}
	EndGlobalSection
EndGlobal
